// !$*UTF8*$!
{
	archiveVersion = 1;
	classes = {
	};
	objectVersion = 60;
	objects = {

/* Begin PBXBuildFile section */
		B80AD3EC2B599A1500B2C04E /* Enum.swift in Sources */ = {isa = PBXBuildFile; fileRef = B80AD3EB2B599A1500B2C04E /* Enum.swift */; };
		B80AD3EE2B599AC400B2C04E /* Intel_x86_80186_UI.swift in Sources */ = {isa = PBXBuildFile; fileRef = B80AD3ED2B599AC400B2C04E /* Intel_x86_80186_UI.swift */; };
		B80AD3F02B59A16C00B2C04E /* VisualEffect.swift in Sources */ = {isa = PBXBuildFile; fileRef = B80AD3EF2B59A16C00B2C04E /* VisualEffect.swift */; };
		B80AD3F22B59CD4500B2C04E /* AboutWindow.swift in Sources */ = {isa = PBXBuildFile; fileRef = B80AD3F12B59CD4500B2C04E /* AboutWindow.swift */; };
		B897F18D2B588A9D0041917F /* AssemblyEmulatorApp.swift in Sources */ = {isa = PBXBuildFile; fileRef = B897F18C2B588A9D0041917F /* AssemblyEmulatorApp.swift */; };
		B897F18F2B588A9D0041917F /* ContentView.swift in Sources */ = {isa = PBXBuildFile; fileRef = B897F18E2B588A9D0041917F /* ContentView.swift */; };
		B897F1912B588A9E0041917F /* Assets.xcassets in Resources */ = {isa = PBXBuildFile; fileRef = B897F1902B588A9E0041917F /* Assets.xcassets */; };
		B897F1942B588A9E0041917F /* Preview Assets.xcassets in Resources */ = {isa = PBXBuildFile; fileRef = B897F1932B588A9E0041917F /* Preview Assets.xcassets */; };
		B897F19D2B588C400041917F /* Registres.swift in Sources */ = {isa = PBXBuildFile; fileRef = B897F19C2B588C400041917F /* Registres.swift */; };
		B897F19F2B58903F0041917F /* Instructions.swift in Sources */ = {isa = PBXBuildFile; fileRef = B897F19E2B58903F0041917F /* Instructions.swift */; };
		B897F1A12B5891650041917F /* Parser.swift in Sources */ = {isa = PBXBuildFile; fileRef = B897F1A02B5891650041917F /* Parser.swift */; };
		B897F1A32B5897700041917F /* Interpreter.swift in Sources */ = {isa = PBXBuildFile; fileRef = B897F1A22B5897700041917F /* Interpreter.swift */; };
		B897F1A52B58A2000041917F /* Console.swift in Sources */ = {isa = PBXBuildFile; fileRef = B897F1A42B58A2000041917F /* Console.swift */; };
/* End PBXBuildFile section */

/* Begin PBXFileReference section */
		B80AD3EB2B599A1500B2C04E /* Enum.swift */ = {isa = PBXFileReference; lastKnownFileType = sourcecode.swift; path = Enum.swift; sourceTree = "<group>"; };
		B80AD3ED2B599AC400B2C04E /* Intel_x86_80186_UI.swift */ = {isa = PBXFileReference; lastKnownFileType = sourcecode.swift; path = Intel_x86_80186_UI.swift; sourceTree = "<group>"; };
		B80AD3EF2B59A16C00B2C04E /* VisualEffect.swift */ = {isa = PBXFileReference; lastKnownFileType = sourcecode.swift; path = VisualEffect.swift; sourceTree = "<group>"; };
		B80AD3F12B59CD4500B2C04E /* AboutWindow.swift */ = {isa = PBXFileReference; lastKnownFileType = sourcecode.swift; path = AboutWindow.swift; sourceTree = "<group>"; };
		B897F1892B588A9D0041917F /* AssemblyEmulator.app */ = {isa = PBXFileReference; explicitFileType = wrapper.application; includeInIndex = 0; path = AssemblyEmulator.app; sourceTree = BUILT_PRODUCTS_DIR; };
		B897F18C2B588A9D0041917F /* AssemblyEmulatorApp.swift */ = {isa = PBXFileReference; lastKnownFileType = sourcecode.swift; path = AssemblyEmulatorApp.swift; sourceTree = "<group>"; };
		B897F18E2B588A9D0041917F /* ContentView.swift */ = {isa = PBXFileReference; lastKnownFileType = sourcecode.swift; path = ContentView.swift; sourceTree = "<group>"; };
		B897F1902B588A9E0041917F /* Assets.xcassets */ = {isa = PBXFileReference; lastKnownFileType = folder.assetcatalog; path = Assets.xcassets; sourceTree = "<group>"; };
		B897F1932B588A9E0041917F /* Preview Assets.xcassets */ = {isa = PBXFileReference; lastKnownFileType = folder.assetcatalog; path = "Preview Assets.xcassets"; sourceTree = "<group>"; };
		B897F1952B588A9E0041917F /* AssemblyEmulator.entitlements */ = {isa = PBXFileReference; lastKnownFileType = text.plist.entitlements; path = AssemblyEmulator.entitlements; sourceTree = "<group>"; };
		B897F19C2B588C400041917F /* Registres.swift */ = {isa = PBXFileReference; lastKnownFileType = sourcecode.swift; path = Registres.swift; sourceTree = "<group>"; };
		B897F19E2B58903F0041917F /* Instructions.swift */ = {isa = PBXFileReference; lastKnownFileType = sourcecode.swift; path = Instructions.swift; sourceTree = "<group>"; };
		B897F1A02B5891650041917F /* Parser.swift */ = {isa = PBXFileReference; lastKnownFileType = sourcecode.swift; path = Parser.swift; sourceTree = "<group>"; };
		B897F1A22B5897700041917F /* Interpreter.swift */ = {isa = PBXFileReference; lastKnownFileType = sourcecode.swift; path = Interpreter.swift; sourceTree = "<group>"; };
		B897F1A42B58A2000041917F /* Console.swift */ = {isa = PBXFileReference; lastKnownFileType = sourcecode.swift; path = Console.swift; sourceTree = "<group>"; };
/* End PBXFileReference section */

/* Begin PBXFrameworksBuildPhase section */
		B897F1862B588A9D0041917F /* Frameworks */ = {
			isa = PBXFrameworksBuildPhase;
			buildActionMask = 2147483647;
			files = (
			);
			runOnlyForDeploymentPostprocessing = 0;
		};
/* End PBXFrameworksBuildPhase section */

/* Begin PBXGroup section */
		B897F1802B588A9D0041917F = {
			isa = PBXGroup;
			children = (
				B897F18B2B588A9D0041917F /* AssemblyEmulator */,
				B897F18A2B588A9D0041917F /* Products */,
			);
			sourceTree = "<group>";
		};
		B897F18A2B588A9D0041917F /* Products */ = {
			isa = PBXGroup;
			children = (
				B897F1892B588A9D0041917F /* AssemblyEmulator.app */,
			);
			name = Products;
			sourceTree = "<group>";
		};
		B897F18B2B588A9D0041917F /* AssemblyEmulator */ = {
			isa = PBXGroup;
			children = (
				B897F19B2B588AF90041917F /* Intel_80186 */,
				B80AD3EB2B599A1500B2C04E /* Enum.swift */,
				B897F18C2B588A9D0041917F /* AssemblyEmulatorApp.swift */,
				B897F18E2B588A9D0041917F /* ContentView.swift */,
				B897F1A42B58A2000041917F /* Console.swift */,
				B80AD3EF2B59A16C00B2C04E /* VisualEffect.swift */,
				B80AD3F12B59CD4500B2C04E /* AboutWindow.swift */,
				B897F1902B588A9E0041917F /* Assets.xcassets */,
				B897F1952B588A9E0041917F /* AssemblyEmulator.entitlements */,
				B897F1922B588A9E0041917F /* Preview Content */,
			);
			path = AssemblyEmulator;
			sourceTree = "<group>";
		};
		B897F1922B588A9E0041917F /* Preview Content */ = {
			isa = PBXGroup;
			children = (
				B897F1932B588A9E0041917F /* Preview Assets.xcassets */,
			);
			path = "Preview Content";
			sourceTree = "<group>";
		};
		B897F19B2B588AF90041917F /* Intel_80186 */ = {
			isa = PBXGroup;
			children = (
				B897F19C2B588C400041917F /* Registres.swift */,
				B897F19E2B58903F0041917F /* Instructions.swift */,
				B897F1A02B5891650041917F /* Parser.swift */,
				B897F1A22B5897700041917F /* Interpreter.swift */,
				B80AD3ED2B599AC400B2C04E /* Intel_x86_80186_UI.swift */,
			);
			path = Intel_80186;
			sourceTree = "<group>";
		};
/* End PBXGroup section */

/* Begin PBXNativeTarget section */
		B897F1882B588A9D0041917F /* AssemblyEmulator */ = {
			isa = PBXNativeTarget;
			buildConfigurationList = B897F1982B588A9E0041917F /* Build configuration list for PBXNativeTarget "AssemblyEmulator" */;
			buildPhases = (
				B897F1852B588A9D0041917F /* Sources */,
				B897F1862B588A9D0041917F /* Frameworks */,
				B897F1872B588A9D0041917F /* Resources */,
			);
			buildRules = (
			);
			dependencies = (
			);
			name = AssemblyEmulator;
			productName = AssemblyEmulator;
			productReference = B897F1892B588A9D0041917F /* AssemblyEmulator.app */;
			productType = "com.apple.product-type.application";
		};
/* End PBXNativeTarget section */

/* Begin PBXProject section */
		B897F1812B588A9D0041917F /* Project object */ = {
			isa = PBXProject;
			attributes = {
				BuildIndependentTargetsInParallel = 1;
				LastSwiftUpdateCheck = 1520;
				LastUpgradeCheck = 1520;
				TargetAttributes = {
					B897F1882B588A9D0041917F = {
						CreatedOnToolsVersion = 15.2;
					};
				};
			};
			buildConfigurationList = B897F1842B588A9D0041917F /* Build configuration list for PBXProject "AssemblyEmulator" */;
			compatibilityVersion = "Xcode 15.0";
			developmentRegion = en;
			hasScannedForEncodings = 0;
			knownRegions = (
				en,
				Base,
			);
			mainGroup = B897F1802B588A9D0041917F;
			productRefGroup = B897F18A2B588A9D0041917F /* Products */;
			projectDirPath = "";
			projectRoot = "";
			targets = (
				B897F1882B588A9D0041917F /* AssemblyEmulator */,
			);
		};
/* End PBXProject section */

/* Begin PBXResourcesBuildPhase section */
		B897F1872B588A9D0041917F /* Resources */ = {
			isa = PBXResourcesBuildPhase;
			buildActionMask = 2147483647;
			files = (
				B897F1942B588A9E0041917F /* Preview Assets.xcassets in Resources */,
				B897F1912B588A9E0041917F /* Assets.xcassets in Resources */,
			);
			runOnlyForDeploymentPostprocessing = 0;
		};
/* End PBXResourcesBuildPhase section */

/* Begin PBXSourcesBuildPhase section */
		B897F1852B588A9D0041917F /* Sources */ = {
			isa = PBXSourcesBuildPhase;
			buildActionMask = 2147483647;
			files = (
				B897F1A32B5897700041917F /* Interpreter.swift in Sources */,
				B897F18F2B588A9D0041917F /* ContentView.swift in Sources */,
				B80AD3F02B59A16C00B2C04E /* VisualEffect.swift in Sources */,
				B80AD3EC2B599A1500B2C04E /* Enum.swift in Sources */,
				B897F19D2B588C400041917F /* Registres.swift in Sources */,
				B897F1A52B58A2000041917F /* Console.swift in Sources */,
				B80AD3F22B59CD4500B2C04E /* AboutWindow.swift in Sources */,
				B80AD3EE2B599AC400B2C04E /* Intel_x86_80186_UI.swift in Sources */,
				B897F1A12B5891650041917F /* Parser.swift in Sources */,
				B897F19F2B58903F0041917F /* Instructions.swift in Sources */,
				B897F18D2B588A9D0041917F /* AssemblyEmulatorApp.swift in Sources */,
			);
			runOnlyForDeploymentPostprocessing = 0;
		};
/* End PBXSourcesBuildPhase section */

/* Begin XCBuildConfiguration section */
		B897F1962B588A9E0041917F /* Debug */ = {
			isa = XCBuildConfiguration;
			buildSettings = {
				ALWAYS_SEARCH_USER_PATHS = NO;
				ASSETCATALOG_COMPILER_GENERATE_SWIFT_ASSET_SYMBOL_EXTENSIONS = YES;
				CLANG_ANALYZER_NONNULL = YES;
				CLANG_ANALYZER_NUMBER_OBJECT_CONVERSION = YES_AGGRESSIVE;
				CLANG_CXX_LANGUAGE_STANDARD = "gnu++20";
				CLANG_ENABLE_MODULES = YES;
				CLANG_ENABLE_OBJC_ARC = YES;
				CLANG_ENABLE_OBJC_WEAK = YES;
				CLANG_WARN_BLOCK_CAPTURE_AUTORELEASING = YES;
				CLANG_WARN_BOOL_CONVERSION = YES;
				CLANG_WARN_COMMA = YES;
				CLANG_WARN_CONSTANT_CONVERSION = YES;
				CLANG_WARN_DEPRECATED_OBJC_IMPLEMENTATIONS = YES;
				CLANG_WARN_DIRECT_OBJC_ISA_USAGE = YES_ERROR;
				CLANG_WARN_DOCUMENTATION_COMMENTS = YES;
				CLANG_WARN_EMPTY_BODY = YES;
				CLANG_WARN_ENUM_CONVERSION = YES;
				CLANG_WARN_INFINITE_RECURSION = YES;
				CLANG_WARN_INT_CONVERSION = YES;
				CLANG_WARN_NON_LITERAL_NULL_CONVERSION = YES;
				CLANG_WARN_OBJC_IMPLICIT_RETAIN_SELF = YES;
				CLANG_WARN_OBJC_LITERAL_CONVERSION = YES;
				CLANG_WARN_OBJC_ROOT_CLASS = YES_ERROR;
				CLANG_WARN_QUOTED_INCLUDE_IN_FRAMEWORK_HEADER = YES;
				CLANG_WARN_RANGE_LOOP_ANALYSIS = YES;
				CLANG_WARN_STRICT_PROTOTYPES = YES;
				CLANG_WARN_SUSPICIOUS_MOVE = YES;
				CLANG_WARN_UNGUARDED_AVAILABILITY = YES_AGGRESSIVE;
				CLANG_WARN_UNREACHABLE_CODE = YES;
				CLANG_WARN__DUPLICATE_METHOD_MATCH = YES;
				COPY_PHASE_STRIP = NO;
				DEBUG_INFORMATION_FORMAT = dwarf;
				ENABLE_STRICT_OBJC_MSGSEND = YES;
				ENABLE_TESTABILITY = YES;
				ENABLE_USER_SCRIPT_SANDBOXING = YES;
				GCC_C_LANGUAGE_STANDARD = gnu17;
				GCC_DYNAMIC_NO_PIC = NO;
				GCC_NO_COMMON_BLOCKS = YES;
				GCC_OPTIMIZATION_LEVEL = 0;
				GCC_PREPROCESSOR_DEFINITIONS = (
					"DEBUG=1",
					"$(inherited)",
				);
				GCC_WARN_64_TO_32_BIT_CONVERSION = YES;
				GCC_WARN_ABOUT_RETURN_TYPE = YES_ERROR;
				GCC_WARN_UNDECLARED_SELECTOR = YES;
				GCC_WARN_UNINITIALIZED_AUTOS = YES_AGGRESSIVE;
				GCC_WARN_UNUSED_FUNCTION = YES;
				GCC_WARN_UNUSED_VARIABLE = YES;
				LOCALIZATION_PREFERS_STRING_CATALOGS = YES;
				MACOSX_DEPLOYMENT_TARGET = 14.0;
				MTL_ENABLE_DEBUG_INFO = INCLUDE_SOURCE;
				MTL_FAST_MATH = YES;
				ONLY_ACTIVE_ARCH = YES;
				SDKROOT = macosx;
				SWIFT_ACTIVE_COMPILATION_CONDITIONS = "DEBUG $(inherited)";
				SWIFT_OPTIMIZATION_LEVEL = "-Onone";
			};
			name = Debug;
		};
		B897F1972B588A9E0041917F /* Release */ = {
			isa = XCBuildConfiguration;
			buildSettings = {
				ALWAYS_SEARCH_USER_PATHS = NO;
				ASSETCATALOG_COMPILER_GENERATE_SWIFT_ASSET_SYMBOL_EXTENSIONS = YES;
				CLANG_ANALYZER_NONNULL = YES;
				CLANG_ANALYZER_NUMBER_OBJECT_CONVERSION = YES_AGGRESSIVE;
				CLANG_CXX_LANGUAGE_STANDARD = "gnu++20";
				CLANG_ENABLE_MODULES = YES;
				CLANG_ENABLE_OBJC_ARC = YES;
				CLANG_ENABLE_OBJC_WEAK = YES;
				CLANG_WARN_BLOCK_CAPTURE_AUTORELEASING = YES;
				CLANG_WARN_BOOL_CONVERSION = YES;
				CLANG_WARN_COMMA = YES;
				CLANG_WARN_CONSTANT_CONVERSION = YES;
				CLANG_WARN_DEPRECATED_OBJC_IMPLEMENTATIONS = YES;
				CLANG_WARN_DIRECT_OBJC_ISA_USAGE = YES_ERROR;
				CLANG_WARN_DOCUMENTATION_COMMENTS = YES;
				CLANG_WARN_EMPTY_BODY = YES;
				CLANG_WARN_ENUM_CONVERSION = YES;
				CLANG_WARN_INFINITE_RECURSION = YES;
				CLANG_WARN_INT_CONVERSION = YES;
				CLANG_WARN_NON_LITERAL_NULL_CONVERSION = YES;
				CLANG_WARN_OBJC_IMPLICIT_RETAIN_SELF = YES;
				CLANG_WARN_OBJC_LITERAL_CONVERSION = YES;
				CLANG_WARN_OBJC_ROOT_CLASS = YES_ERROR;
				CLANG_WARN_QUOTED_INCLUDE_IN_FRAMEWORK_HEADER = YES;
				CLANG_WARN_RANGE_LOOP_ANALYSIS = YES;
				CLANG_WARN_STRICT_PROTOTYPES = YES;
				CLANG_WARN_SUSPICIOUS_MOVE = YES;
				CLANG_WARN_UNGUARDED_AVAILABILITY = YES_AGGRESSIVE;
				CLANG_WARN_UNREACHABLE_CODE = YES;
				CLANG_WARN__DUPLICATE_METHOD_MATCH = YES;
				COPY_PHASE_STRIP = NO;
				DEBUG_INFORMATION_FORMAT = "dwarf-with-dsym";
				ENABLE_NS_ASSERTIONS = NO;
				ENABLE_STRICT_OBJC_MSGSEND = YES;
				ENABLE_USER_SCRIPT_SANDBOXING = YES;
				GCC_C_LANGUAGE_STANDARD = gnu17;
				GCC_NO_COMMON_BLOCKS = YES;
				GCC_WARN_64_TO_32_BIT_CONVERSION = YES;
				GCC_WARN_ABOUT_RETURN_TYPE = YES_ERROR;
				GCC_WARN_UNDECLARED_SELECTOR = YES;
				GCC_WARN_UNINITIALIZED_AUTOS = YES_AGGRESSIVE;
				GCC_WARN_UNUSED_FUNCTION = YES;
				GCC_WARN_UNUSED_VARIABLE = YES;
				LOCALIZATION_PREFERS_STRING_CATALOGS = YES;
				MACOSX_DEPLOYMENT_TARGET = 14.0;
				MTL_ENABLE_DEBUG_INFO = NO;
				MTL_FAST_MATH = YES;
				SDKROOT = macosx;
				SWIFT_COMPILATION_MODE = wholemodule;
			};
			name = Release;
		};
		B897F1992B588A9E0041917F /* Debug */ = {
			isa = XCBuildConfiguration;
			buildSettings = {
				ASSETCATALOG_COMPILER_APPICON_NAME = AppIcon;
				ASSETCATALOG_COMPILER_GLOBAL_ACCENT_COLOR_NAME = AccentColor;
				CODE_SIGN_ENTITLEMENTS = AssemblyEmulator/AssemblyEmulator.entitlements;
				CODE_SIGN_STYLE = Automatic;
				COMBINE_HIDPI_IMAGES = YES;
				CURRENT_PROJECT_VERSION = 1;
				DEVELOPMENT_ASSET_PATHS = "\"AssemblyEmulator/Preview Content\"";
				DEVELOPMENT_TEAM = X5Q3K755Z9;
				ENABLE_HARDENED_RUNTIME = YES;
				ENABLE_PREVIEWS = YES;
				GENERATE_INFOPLIST_FILE = YES;
				INFOPLIST_KEY_CFBundleDisplayName = AssemblyEmulator;
				INFOPLIST_KEY_LSApplicationCategoryType = "public.app-category.education";
				INFOPLIST_KEY_NSHumanReadableCopyright = "";
				LD_RUNPATH_SEARCH_PATHS = (
					"$(inherited)",
					"@executable_path/../Frameworks",
				);
				MACOSX_DEPLOYMENT_TARGET = 14.0;
				MARKETING_VERSION = 1.0;
				PRODUCT_BUNDLE_IDENTIFIER = be.pieteraerens.AssemblyEmulator;
				PRODUCT_NAME = "$(TARGET_NAME)";
				SWIFT_EMIT_LOC_STRINGS = YES;
				SWIFT_VERSION = 5.0;
			};
			name = Debug;
		};
		B897F19A2B588A9E0041917F /* Release */ = {
			isa = XCBuildConfiguration;
			buildSettings = {
				ASSETCATALOG_COMPILER_APPICON_NAME = AppIcon;
				ASSETCATALOG_COMPILER_GLOBAL_ACCENT_COLOR_NAME = AccentColor;
				CODE_SIGN_ENTITLEMENTS = AssemblyEmulator/AssemblyEmulator.entitlements;
				CODE_SIGN_STYLE = Automatic;
				COMBINE_HIDPI_IMAGES = YES;
				CURRENT_PROJECT_VERSION = 1;
				DEVELOPMENT_ASSET_PATHS = "\"AssemblyEmulator/Preview Content\"";
				DEVELOPMENT_TEAM = X5Q3K755Z9;
				ENABLE_HARDENED_RUNTIME = YES;
				ENABLE_PREVIEWS = YES;
				GENERATE_INFOPLIST_FILE = YES;
				INFOPLIST_KEY_CFBundleDisplayName = AssemblyEmulator;
				INFOPLIST_KEY_LSApplicationCategoryType = "public.app-category.education";
				INFOPLIST_KEY_NSHumanReadableCopyright = "";
				LD_RUNPATH_SEARCH_PATHS = (
					"$(inherited)",
					"@executable_path/../Frameworks",
				);
				MACOSX_DEPLOYMENT_TARGET = 14.0;
				MARKETING_VERSION = 1.0;
				PRODUCT_BUNDLE_IDENTIFIER = be.pieteraerens.AssemblyEmulator;
				PRODUCT_NAME = "$(TARGET_NAME)";
				SWIFT_EMIT_LOC_STRINGS = YES;
				SWIFT_VERSION = 5.0;
			};
			name = Release;
		};
/* End XCBuildConfiguration section */

/* Begin XCConfigurationList section */
		B897F1842B588A9D0041917F /* Build configuration list for PBXProject "AssemblyEmulator" */ = {
			isa = XCConfigurationList;
			buildConfigurations = (
				B897F1962B588A9E0041917F /* Debug */,
				B897F1972B588A9E0041917F /* Release */,
			);
			defaultConfigurationIsVisible = 0;
			defaultConfigurationName = Release;
		};
		B897F1982B588A9E0041917F /* Build configuration list for PBXNativeTarget "AssemblyEmulator" */ = {
			isa = XCConfigurationList;
			buildConfigurations = (
				B897F1992B588A9E0041917F /* Debug */,
				B897F19A2B588A9E0041917F /* Release */,
			);
			defaultConfigurationIsVisible = 0;
			defaultConfigurationName = Release;
		};
/* End XCConfigurationList section */
	};
	rootObject = B897F1812B588A9D0041917F /* Project object */;
}
